# THIS IS AN AUTOGENERATED FILE. DO NOT EDIT THIS FILE DIRECTLY.
# yarn lockfile v1


"@babel/runtime@^7.1.2", "@babel/runtime@^7.12.13":
  version "7.29.2"
  resolved "https://registry.yarnpkg.com/@babel/runtime/-/runtime-7.29.2.tgz#9a6e2d05f4b6692e1801cd4fb176ad823930ed5e"
  integrity sha512-JiDShH45zKHWyGe4ZNVRrCjBz8Nh9TMmZG1kh4QTK8hCBTWBi8Da+i7s1fJw7/lYpM4ccepSNfqzZ/QvABBi5g==

"@types/history@^4.7.11":
  version "4.7.11"
  resolved "https://registry.yarnpkg.com/@types/history/-/history-4.7.11.tgz#56588b17ae8f50c53983a524fc3cc47437969d64"
  integrity sha512-qjDJRrmvBMiTx+jyLxvLfJU7UznFuokDv4f3WRuriHKERccVpFU+8XMQUAbDzoiJCsmexxRExQeMwwCdamSKDA==

"@types/node@^12.12.0":
  version "12.20.55"
  resolved "https://registry.yarnpkg.com/@types/node/-/node-12.20.55.tgz#c329cbd434c42164f846b909bd6f85b5537f6240"
  integrity sha512-J8xLz7q2OFulZ2cyGTLE1TbbZcjpno7FaN6zdJNrgAdrJ+DZzh/uFR6YrTb4C+nXakvud8Q4+rbhoIWlYQbUFQ==

"@types/prop-types@*":
  version "15.7.15"
  resolved "https://registry.yarnpkg.com/@types/prop-types/-/prop-types-15.7.15.tgz#e6e5a86d602beaca71ce5163fadf5f95d70931c7"
  integrity sha512-F6bEyamV9jKGAFBEmlQnesRPGOQqS2+Uwi0Em15xenOxHaf2hv6L8YCVn3rPdPJOiJfPiCnLIRyvwVaqMY3MIw==

"@types/react-dom@^16.9.0":
  version "16.9.25"
  resolved "https://registry.yarnpkg.com/@types/react-dom/-/react-dom-16.9.25.tgz#fc6440aaae3d2d3aa10f6afeb7f1b0c4a55d5e31"
  integrity sha512-ZK//eAPhwft9Ul2/Zj+6O11YR6L4JX0J2sVeBC9Ft7x7HFN7xk7yUV/zDxqV6rjvqgl6r8Dq7oQImxtyf/Mzcw==

"@types/react-router-dom@^5.1.2":
  version "5.3.3"
  resolved "https://registry.yarnpkg.com/@types/react-router-dom/-/react-router-dom-5.3.3.tgz#e9d6b4a66fcdbd651a5f106c2656a30088cc1e83"
  integrity sha512-kpqnYK4wcdm5UaWI3fLcELopqLrHgLqNsdpHauzlQktfkHL3npOSwtj1Uz9oKBAzs7lFtVkV8j83voAz2D8fhw==
  dependencies:
    "@types/history" "^4.7.11"
    "@types/react" "*"
    "@types/react-router" "*"

"@types/react-router@*":
  version "5.1.20"
  resolved "https://registry.yarnpkg.com/@types/react-router/-/react-router-5.1.20.tgz#88eccaa122a82405ef3efbcaaa5dcdd9f021387c"
  integrity sha512-jGjmu/ZqS7FjSH6owMcD5qpq19+1RS9DeVRqfl1FeBMxTDQAGwlMWOcs52NDoXaNKyG3d1cYQFMs9rCrb88o9Q==
  dependencies:
    "@types/history" "^4.7.11"
    "@types/react" "*"

"@types/react@*":
  version "19.2.14"
  resolved "https://registry.yarnpkg.com/@types/react/-/react-19.2.14.tgz#39604929b5e3957e3a6fa0001dafb17c7af70bad"
  integrity sha512-ilcTH/UniCkMdtexkoCN0bI7pMcJDvmQFPvuPvmEaYA/NSfFTAgdUSLAoVjaRJm7+6PvcM+q1zYOwS4wTYMF9w==
  dependencies:
    csstype "^3.2.2"

"@types/react@^16.9.0":
  version "16.14.69"
  resolved "https://registry.yarnpkg.com/@types/react/-/react-16.14.69.tgz#5e4a0a70bdeca9e64498e1a7f2d7f2b06b881b09"
  integrity sha512-NdnAamzkxLX9LBssSdt9Q0tQ3LR94hYxotI4/sRUs1vHKFXaDx9xDbK8S4wuw5bwrxiiXbTYyhKeITtFnwDvEA==
  dependencies:
    "@types/prop-types" "*"
    "@types/scheduler" "^0.16"
    csstype "^3.2.2"

"@types/scheduler@^0.16":
  version "0.16.8"
  resolved "https://registry.yarnpkg.com/@types/scheduler/-/scheduler-0.16.8.tgz#ce5ace04cfeabe7ef87c0091e50752e36707deff"
  integrity sha512-WZLiwShhwLRmeV6zH+GkbOFT6Z6VklCItrDioxUnv+u4Ll+8vKeFySoFyK/0ctcRpOmwAicELfmys1sDc/Rw+A==

csstype@^3.2.2:
  version "3.2.3"
  resolved "https://registry.yarnpkg.com/csstype/-/csstype-3.2.3.tgz#ec48c0f3e993e50648c86da559e2610995cf989a"
  integrity sha512-z1HGKcYy2xA8AGQfwrn0PAy+PB7X/GSj3UVJW9qKyn43xWa+gl5nXmU4qqLMRzWVLFC8KusUX8T/0kCiOYpAIQ==

history@^4.9.0:
  version "4.10.1"
  resolved "https://registry.yarnpkg.com/history/-/history-4.10.1.tgz#33371a65e3a83b267434e2b3f3b1b4c58aad4cf3"
  integrity sha512-36nwAD620w12kuzPAsyINPWJqlNbij+hpK1k9XRloDtym8mxzGYl2c17LnV6IAGB2Dmg4tEa7G7DlawS0+qjew==
  dependencies:
    "@babel/runtime" "^7.1.2"
    loose-envify "^1.2.0"
    resolve-pathname "^3.0.0"
    tiny-invariant "^1.0.2"
    tiny-warning "^1.0.0"
    value-equal "^1.0.1"

hoist-non-react-statics@^3.1.0:
  version "3.3.2"
  resolved "https://registry.yarnpkg.com/hoist-non-react-statics/-/hoist-non-react-statics-3.3.2.tgz#ece0acaf71d62c2969c2ec59feff42a4b1a85b45"
  integrity sha512-/gGivxi8JPKWNm/W0jSmzcMPpfpPLc3dY/6GxhX2hQ9iGj3aDfklV4ET7NjKpSinLpJ5vafa9iiGIEZg10SfBw==
  dependencies:
    react-is "^16.7.0"

isarray@0.0.1:
  version "0.0.1"
  resolved "https://registry.yarnpkg.com/isarray/-/isarray-0.0.1.tgz#8a18acfca9a8f4177e09abfc6038939b05d1eedf"
  integrity sha512-D2S+3GLxWH+uhrNEcoh/fnmYeP8E8/zHl644d/jdA0g2uyXvy3sb0qxotE+ne0LtccHknQzWwZEzhak7oJ0COQ==

"js-tokens@^3.0.0 || ^4.0.0":
  version "4.0.0"
  resolved "https://registry.yarnpkg.com/js-tokens/-/js-tokens-4.0.0.tgz#19203fb59991df98e3a287050d4647cdeaf32499"
  integrity sha512-RdJUflcE3cUzKiMqQgsCu06FPu9UdIJO0beYbPhHN4k6apgJtifcoCtT9bcxOpYBtpD2kCM6Sbzg4CausW/PKQ==

loose-envify@^1.1.0, loose-envify@^1.2.0, loose-envify@^1.3.1, loose-envify@^1.4.0:
  version "1.4.0"
  resolved "https://registry.yarnpkg.com/loose-envify/-/loose-envify-1.4.0.tgz#71ee51fa7be4caec1a63839f7e682d8132d30caf"
  integrity sha512-lyuxPGr/Wfhrlem2CL/UcnUc1zcqKAImBDzukY7Y5F/yQiNdko6+fRLevlw1HgMySw7f611UIY408EtxRSoK3Q==
  dependencies:
    js-tokens "^3.0.0 || ^4.0.0"

object-assign@^4.1.1:
  version "4.1.1"
  resolved "https://registry.yarnpkg.com/object-assign/-/object-assign-4.1.1.tgz#2109adc7965887cfc05cbbd442cac8bfbb360863"
  integrity sha512-rJgTQnkUnH1sFw8yT6VSU3zD3sWmu6sZhIseY8VX+GRu3P6F7Fu+JNDoXfklElbLJSnc3FUQHVe4cU5hj+BcUg==

path-to-regexp@^1.7.0:
  version "1.9.0"
  resolved "https://registry.yarnpkg.com/path-to-regexp/-/path-to-regexp-1.9.0.tgz#5dc0753acbf8521ca2e0f137b4578b917b10cf24"
  integrity sha512-xIp7/apCFJuUHdDLWe8O1HIkb0kQrOMb/0u6FXQjemHn/ii5LrIzU6bdECnsiTF/GjZkMEKg1xdiZwNqDYlZ6g==
  dependencies:
    isarray "0.0.1"

prop-types@^15.6.2:
  version "15.8.1"
  resolved "https://registry.yarnpkg.com/prop-types/-/prop-types-15.8.1.tgz#67d87bf1a694f48435cf332c24af10214a3140b5"
  integrity sha512-oj87CgZICdulUohogVAR7AjlC0327U4el4L6eAvOqCeudMDVU0NThNaV+b9Df4dXgSP1gXMTnPdhfe/2qDH5cg==
  dependencies:
    loose-envify "^1.4.0"
    object-assign "^4.1.1"
    react-is "^16.13.1"

react-dom@^16.12.0:
  version "16.14.0"
  resolved "https://registry.yarnpkg.com/react-dom/-/react-dom-16.14.0.tgz#7ad838ec29a777fb3c75c3a190f661cf92ab8b89"
  integrity sha512-1gCeQXDLoIqMgqD3IO2Ah9bnf0w9kzhwN5q4FGnHZ67hBm9yePzB5JJAIQCc8x3pFnNlwFq4RidZggNAAkzWWw==
  dependencies:
    loose-envify "^1.1.0"
    object-assign "^4.1.1"
    prop-types "^15.6.2"
    scheduler "^0.19.1"

react-is@^16.13.1, react-is@^16.6.0, react-is@^16.7.0:
  version "16.13.1"
  resolved "https://registry.yarnpkg.com/react-is/-/react-is-16.13.1.tgz#789729a4dc36de2999dc156dd6c1d9c18cea56a4"
  integrity sha512-24e6ynE2H+OKt4kqsOvNd8kBpV65zoxbA4BVsEOB3ARVWQki/DHzaUoC5KuON/BiccDaCCTZBuOcfZs70kR8bQ==

react-router-dom@^5.1.2:
  version "5.3.4"
  resolved "https://registry.yarnpkg.com/react-router-dom/-/react-router-dom-5.3.4.tgz#2ed62ffd88cae6db134445f4a0c0ae8b91d2e5e6"
  integrity sha512-m4EqFMHv/Ih4kpcBCONHbkT68KoAeHN4p3lAGoNryfHi0dMy0kCzEZakiKRsvg5wHZ/JLrLW8o8KomWiz/qbYQ==
  dependencies:
    "@babel/runtime" "^7.12.13"
    history "^4.9.0"
    loose-envify "^1.3.1"
    prop-types "^15.6.2"
    react-router "5.3.4"
    tiny-invariant "^1.0.2"
    tiny-warning "^1.0.0"

react-router@5.3.4:
  version "5.3.4"
  resolved "https://registry.yarnpkg.com/react-router/-/react-router-5.3.4.tgz#8ca252d70fcc37841e31473c7a151cf777887bb5"
  integrity sha512-Ys9K+ppnJah3QuaRiLxk+jDWOR1MekYQrlytiXxC1RyfbdsZkS5pvKAzCCr031xHixZwpnsYNT5xysdFHQaYsA==
  dependencies:
    "@babel/runtime" "^7.12.13"
    history "^4.9.0"
    hoist-non-react-statics "^3.1.0"
    loose-envify "^1.3.1"
    path-to-regexp "^1.7.0"
    prop-types "^15.6.2"
    react-is "^16.6.0"
    tiny-invariant "^1.0.2"
    tiny-warning "^1.0.0"

react@^16.12.0:
  version "16.14.0"
  resolved "https://registry.yarnpkg.com/react/-/react-16.14.0.tgz#94d776ddd0aaa37da3eda8fc5b6b18a4c9a3114d"
  integrity sha512-0X2CImDkJGApiAlcf0ODKIneSwBPhqJawOa5wCtKbu7ZECrmS26NvtSILynQ66cgkT/RJ4LidJOc3bUESwmU8g==
  dependencies:
    loose-envify "^1.1.0"
    object-assign "^4.1.1"
    prop-types "^15.6.2"

resolve-pathname@^3.0.0:
  version "3.0.0"
  resolved "https://registry.yarnpkg.com/resolve-pathname/-/resolve-pathname-3.0.0.tgz#99d02224d3cf263689becbb393bc560313025dcd"
  integrity sha512-C7rARubxI8bXFNB/hqcp/4iUeIXJhJZvFPFPiSPRnhU5UPxzMFIl+2E6yY6c4k9giDJAhtV+enfA+G89N6Csng==

scheduler@^0.19.1:
  version "0.19.1"
  resolved "https://registry.yarnpkg.com/scheduler/-/scheduler-0.19.1.tgz#4f3e2ed2c1a7d65681f4c854fa8c5a1ccb40f196"
  integrity sha512-n/zwRWRYSUj0/3g/otKDRPMh6qv2SYMWNq85IEa8iZyAv8od9zDYpGSnpBEjNgcMNq6Scbu5KfIPxNF72R/2EA==
  dependencies:
    loose-envify "^1.1.0"
    object-assign "^4.1.1"

tiny-invariant@^1.0.2:
  version "1.3.3"
  resolved "https://registry.yarnpkg.com/tiny-invariant/-/tiny-invariant-1.3.3.tgz#46680b7a873a0d5d10005995eb90a70d74d60127"
  integrity sha512-+FbBPE1o9QAYvviau/qC5SE3caw21q3xkvWKBtja5vgqOWIHHJ3ioaq1VPfn/Szqctz2bU/oYeKd9/z5BL+PVg==

tiny-warning@^1.0.0:
  version "1.0.3"
  resolved "https://registry.yarnpkg.com/tiny-warning/-/tiny-warning-1.0.3.tgz#94a30db453df4c643d0fd566060d60a875d84754"
  integrity sha512-lBN9zLN/oAf68o3zNXYrdCt1kP8WsiGW8Oo2ka41b2IM5JL/S1CTyX1rW0mb/zSuJun0ZUrDxx4sqvYS2FWzPA==

typescript@3.9.7:
  version "3.9.7"
  resolved "https://registry.yarnpkg.com/typescript/-/typescript-3.9.7.tgz#98d600a5ebdc38f40cb277522f12dc800e9e25fa"
  integrity sha512-BLbiRkiBzAwsjut4x/dsibSTB6yWpwT5qWmC2OfuCg3GgVQCSgMs4vEctYPhsaGtd0AeuuHMkjZ2h2WG8MSzRw==

value-equal@^1.0.1:
  version "1.0.1"
  resolved "https://registry.yarnpkg.com/value-equal/-/value-equal-1.0.1.tgz#1e0b794c734c5c0cade179c437d356d931a34d6c"
  integrity sha512-NOJ6JZCAWr0zlxZt+xqCHNTEKOsrks2HQd4MqhP1qy4z1SkbEP467eNx6TgDKXMvUOb+OENfJCZwM+16n7fRfw==

"vtex.css-handles@http://vtex.vtexassets.com/_v/public/typings/v1/vtex.css-handles@0.4.4/public/@types/vtex.css-handles":
  version "0.4.4"
  resolved "http://vtex.vtexassets.com/_v/public/typings/v1/vtex.css-handles@0.4.4/public/@types/vtex.css-handles#8c45c6decf9acd2b944e07261686decff93d6422"

"vtex.device-detector@http://vtex.vtexassets.com/_v/public/typings/v1/vtex.device-detector@0.2.6/public/@types/vtex.device-detector":
  version "0.2.6"
  resolved "http://vtex.vtexassets.com/_v/public/typings/v1/vtex.device-detector@0.2.6/public/@types/vtex.device-detector#3219242fa5c2f14023d33c3549c2d8de93c76d1f"

"vtex.flex-layout@http://vtex.vtexassets.com/_v/public/typings/v1/vtex.flex-layout@0.21.5/public/@types/vtex.flex-layout":
  version "0.21.5"
  resolved "http://vtex.vtexassets.com/_v/public/typings/v1/vtex.flex-layout@0.21.5/public/@types/vtex.flex-layout#732a9584402f5a97308c079beffa41d839b4c06a"

"vtex.list-context@http://vtex.vtexassets.com/_v/public/typings/v1/vtex.list-context@0.2.0/public/@types/vtex.list-context":
  version "0.2.0"
  resolved "http://vtex.vtexassets.com/_v/public/typings/v1/vtex.list-context@0.2.0/public/@types/vtex.list-context#935b748d394851ced7f3b06bbedf59f4ee3ca8a6"

"vtex.product-context@http://vtex.vtexassets.com/_v/public/typings/v1/vtex.product-context@0.10.1/public/@types/vtex.product-context":
  version "0.10.1"
  resolved "http://vtex.vtexassets.com/_v/public/typings/v1/vtex.product-context@0.10.1/public/@types/vtex.product-context#86ceba68085420edcf54749f07e51a257d2e5d94"

"vtex.product-review-interfaces@http://vtex.vtexassets.com/_v/public/typings/v1/vtex.product-review-interfaces@1.0.2/public/_types/react":
  version "1.0.2"
  resolved "http://vtex.vtexassets.com/_v/public/typings/v1/vtex.product-review-interfaces@1.0.2/public/_types/react#84d1997cdae079d1401611f3d4a4619ed914673f"

"vtex.product-summary@http://vtex.vtexassets.com/_v/public/typings/v1/vtex.product-summary@2.91.2/public/@types/vtex.product-summary":
  version "2.91.2"
  resolved "http://vtex.vtexassets.com/_v/public/typings/v1/vtex.product-summary@2.91.2/public/@types/vtex.product-summary#8bea6fd242be1a64f58ede40e30ff5e4445dc262"

"vtex.render-runtime@http://vtex.vtexassets.com/_v/public/typings/v1/vtex.render-runtime@8.136.2/public/@types/vtex.render-runtime":
  version "8.136.2"
  resolved "http://vtex.vtexassets.com/_v/public/typings/v1/vtex.render-runtime@8.136.2/public/@types/vtex.render-runtime#afc85cc43da5ee3fc2f0efa000f31adada482d03"

"vtex.reviews-and-ratings@http://vtex.vtexassets.com/_v/public/typings/v1/vtex.reviews-and-ratings@3.20.1/public/@types/vtex.reviews-and-ratings":
  version "3.20.1"
  resolved "http://vtex.vtexassets.com/_v/public/typings/v1/vtex.reviews-and-ratings@3.20.1/public/@types/vtex.reviews-and-ratings#afdce2a8adecc1b762c3dc058fedeaf74b3839f1"

"vtex.rich-text@http://vtex.vtexassets.com/_v/public/typings/v1/vtex.rich-text@0.16.1/public/@types/vtex.rich-text":
  version "0.16.1"
  resolved "http://vtex.vtexassets.com/_v/public/typings/v1/vtex.rich-text@0.16.1/public/@types/vtex.rich-text#26d53b5bdfb7da97a2e884f85167ead458be9e1d"

"vtex.seller-selector@http://vtex.vtexassets.com/_v/public/typings/v1/vtex.seller-selector@0.6.0/public/@types/vtex.seller-selector":
  version "0.6.0"
  resolved "http://vtex.vtexassets.com/_v/public/typings/v1/vtex.seller-selector@0.6.0/public/@types/vtex.seller-selector#f551cb519302bd6f029ff3396bbb414d5bcece06"

"vtex.shelf@http://vtex.vtexassets.com/_v/public/typings/v1/vtex.shelf@1.49.0/public/@types/vtex.shelf":
  version "1.49.0"
  resolved "http://vtex.vtexassets.com/_v/public/typings/v1/vtex.shelf@1.49.0/public/@types/vtex.shelf#32b849d3bd8bf07570cca0de801ee9a8708b869c"

"vtex.slider-layout@http://vtex.vtexassets.com/_v/public/typings/v1/vtex.slider-layout@0.24.10/public/@types/vtex.slider-layout":
  version "0.24.10"
  resolved "http://vtex.vtexassets.com/_v/public/typings/v1/vtex.slider-layout@0.24.10/public/@types/vtex.slider-layout#a9133e785c07f521b99a57204ff17aa556958ba6"

"vtex.store-components@http://vtex.vtexassets.com/_v/public/typings/v1/vtex.store-components@3.178.5/public/@types/vtex.store-components":
  version "3.178.5"
  resolved "http://vtex.vtexassets.com/_v/public/typings/v1/vtex.store-components@3.178.5/public/@types/vtex.store-components#8d18db70ed144e3b20fef7efad621c78e24c94a1"

"vtex.store@http://vtex.vtexassets.com/_v/public/typings/v1/vtex.store@2.145.0/public/@types/vtex.store":
  version "2.145.0"
  resolved "http://vtex.vtexassets.com/_v/public/typings/v1/vtex.store@2.145.0/public/@types/vtex.store#403061001ada6cfe4c0ed310572fe5c65d74d0a5"

"vtex.tab-layout@http://vtex.vtexassets.com/_v/public/typings/v1/vtex.tab-layout@0.4.6/public/@types/vtex.tab-layout":
  version "0.4.6"
  resolved "http://vtex.vtexassets.com/_v/public/typings/v1/vtex.tab-layout@0.4.6/public/@types/vtex.tab-layout#d0331c51239c0f677e1e405a967eb3e7dcad5cb9"

"vugravity.techstore@https://pruebamiguelcaballero--vugravity.myvtex.com/_v/private/typings/linked/v1/vugravity.techstore@0.1.0+build1773887753/public/@types/vugravity.techstore":
  version "0.1.0"
  resolved "https://pruebamiguelcaballero--vugravity.myvtex.com/_v/private/typings/linked/v1/vugravity.techstore@0.1.0+build1773887753/public/@types/vugravity.techstore#466e97f280093d1774e72b44e1a9934b57c6d46f"
